{
  "version": "4",
  "specifiers": {
    "jsr:@nick/brotli@*": "0.1.0",
    "jsr:@std/encoding@*": "1.0.10",
    "jsr:@std/internal@^1.0.12": "1.0.12",
    "jsr:@std/path@*": "1.1.3"
  },
  "jsr": {
    "@nick/brotli@0.1.0": {
      "integrity": "b76eae36f8c02ed5d4cb133ecbd32a31ddead52272d0a4c3704e8c5fedfbe660"
    },
    "@std/encoding@1.0.10": {
      "integrity": "8783c6384a2d13abd5e9e87a7ae0520a30e9f56aeeaa3bdf910a3eaaf5c811a1"
    },
    "@std/internal@1.0.12": {
      "integrity": "972a634fd5bc34b242024402972cd5143eac68d8dffaca5eaa4dba30ce17b027"
    },
    "@std/path@1.1.3": {
      "integrity": "b015962d82a5e6daea980c32b82d2c40142149639968549c649031a230b1afb3",
      "dependencies": [
        "jsr:@std/internal"
      ]
    }
  },
  "redirects": {
    "https://deno.land/x/brotli/mod.ts": "https://deno.land/x/brotli@0.1.7/mod.ts"
  },
  "remote": {
    "https://deno.land/std@0.159.0/encoding/ascii85.ts": "f2b9cb8da1a55b3f120d3de2e78ac993183a4fd00dfa9cb03b51cf3a75bc0baa",
    "https://deno.land/std@0.224.0/path/_common/assert_path.ts": "dbdd757a465b690b2cc72fc5fb7698c51507dec6bfafce4ca500c46b76ff7bd8",
    "https://deno.land/std@0.224.0/path/_common/constants.ts": "dc5f8057159f4b48cd304eb3027e42f1148cf4df1fb4240774d3492b5d12ac0c",
    "https://deno.land/std@0.224.0/path/_common/normalize_string.ts": "33edef773c2a8e242761f731adeb2bd6d683e9c69e4e3d0092985bede74f4ac3",
    "https://deno.land/std@0.224.0/path/_os.ts": "8fb9b90fb6b753bd8c77cfd8a33c2ff6c5f5bc185f50de8ca4ac6a05710b2c15",
    "https://deno.land/std@0.224.0/path/posix/_util.ts": "1e3937da30f080bfc99fe45d7ed23c47dd8585c5e473b2d771380d3a6937cf9d",
    "https://deno.land/std@0.224.0/path/posix/resolve.ts": "08b699cfeee10cb6857ccab38fa4b2ec703b0ea33e8e69964f29d02a2d5257cf",
    "https://deno.land/std@0.224.0/path/resolve.ts": "a6f977bdb4272e79d8d0ed4333e3d71367cc3926acf15ac271f1d059c8494d8d",
    "https://deno.land/std@0.224.0/path/windows/_util.ts": "d5f47363e5293fced22c984550d5e70e98e266cc3f31769e1710511803d04808",
    "https://deno.land/std@0.224.0/path/windows/resolve.ts": "8dae1dadfed9d46ff46cc337c9525c0c7d959fb400a6308f34595c45bdca1972",
    "https://deno.land/x/brotli@0.1.7/mod.ts": "08b913e51488b6e7fa181f2814b9ad087fdb5520041db0368f8156bfa45fd73e",
    "https://deno.land/x/brotli@0.1.7/wasm.js": "77771b89e89ec7ff6e3e0939a7fb4f9b166abec3504cec0532ad5c127d6f35d2",
    "https://deno.land/x/lz4@v0.1.2/mod.ts": "4decfc1a3569d03fd1813bd39128b71c8f082850fe98ecfdde20025772916582",
    "https://deno.land/x/lz4@v0.1.2/wasm.js": "b9c65605327ba273f0c76a6dc596ec534d4cda0f0225d7a94ebc606782319e46"
  },
  "workspace": {
    "packageJson": {
      "dependencies": [
        "npm:@types/node-zopfli@^2.0.2",
        "npm:@types/node@^17.0.25",
        "npm:node-zopfli@^2.1.4",
        "npm:ts-node@^10.7.0",
        "npm:typescript@^4.6.3"
      ]
    }
  }
}
